Microsoft Visual Studio Solution File, Format Version 12.00
# Visual Studio 15
Project("{8BC9CEB8-8B4A-11D0-8D11-00A0C91BC942}") = "ALL_BUILD", "ALL_BUILD.vcxproj", "{9BC0472D-AA5A-30E0-94BD-E419EDD4B1C9}"
	ProjectSection(ProjectDependencies) = postProject
		{BE4C17D8-E7D5-30EC-A0E9-2E8E82F962CB} = {BE4C17D8-E7D5-30EC-A0E9-2E8E82F962CB}
		{AC9D7BB6-EC3D-340C-8F8B-0DCC0BE9AC60} = {AC9D7BB6-EC3D-340C-8F8B-0DCC0BE9AC60}
		{094DA5BE-B883-370F-B949-05F762756CA4} = {094DA5BE-B883-370F-B949-05F762756CA4}
		{5B9F91BD-C713-391E-A3A0-EA9B3AFC35E1} = {5B9F91BD-C713-391E-A3A0-EA9B3AFC35E1}
		{E22AA17C-7A8E-397E-AB07-298578855206} = {E22AA17C-7A8E-397E-AB07-298578855206}
		{4A89581E-A967-3FDD-86AF-6CF392A516A7} = {4A89581E-A967-3FDD-86AF-6CF392A516A7}
		{5785351D-9991-3FBA-8B00-4988ACF93CEF} = {5785351D-9991-3FBA-8B00-4988ACF93CEF}
		{D6B45996-55CB-32CA-A8F5-63A869ECAC80} = {D6B45996-55CB-32CA-A8F5-63A869ECAC80}
		{05652AC4-806D-3D79-A6A3-C36630E653AB} = {05652AC4-806D-3D79-A6A3-C36630E653AB}
		{8D7285BA-7F11-39A1-A40A-FAF4602EBA92} = {8D7285BA-7F11-39A1-A40A-FAF4602EBA92}
		{0BF76515-EF3D-3385-916E-235F4A557B4D} = {0BF76515-EF3D-3385-916E-235F4A557B4D}
		{CF8EA092-76FB-3466-A400-B1CBA6EE7F25} = {CF8EA092-76FB-3466-A400-B1CBA6EE7F25}
		{C542D56E-40CB-30EF-885B-E08F03A72198} = {C542D56E-40CB-30EF-885B-E08F03A72198}
		{1E9974B9-ED89-382F-8E6D-B6D863FD54D4} = {1E9974B9-ED89-382F-8E6D-B6D863FD54D4}
		{51C53E05-689B-3269-A65C-AB6CAEAEEE3E} = {51C53E05-689B-3269-A65C-AB6CAEAEEE3E}
		{2368BD4C-1D5A-30B4-82A6-EA1A957ECD4C} = {2368BD4C-1D5A-30B4-82A6-EA1A957ECD4C}
		{2DC1225B-C07B-382B-9B90-EB9F4B32111E} = {2DC1225B-C07B-382B-9B90-EB9F4B32111E}
		{985B3D7D-272A-32A6-BC0C-921FB8ECC4D4} = {985B3D7D-272A-32A6-BC0C-921FB8ECC4D4}
		{59BD44EC-2EBB-3140-8A39-CBB8EEEB5714} = {59BD44EC-2EBB-3140-8A39-CBB8EEEB5714}
		{0BC5C2D0-421B-3550-BA0D-814369BB2767} = {0BC5C2D0-421B-3550-BA0D-814369BB2767}
		{B58F16DB-2677-3101-B8B7-51102B6F8165} = {B58F16DB-2677-3101-B8B7-51102B6F8165}
		{869FC6AE-7098-3C42-AFA7-D524B12AC82F} = {869FC6AE-7098-3C42-AFA7-D524B12AC82F}
		{D29DDD66-3558-3493-8115-AC62C741611E} = {D29DDD66-3558-3493-8115-AC62C741611E}
		{558D05A1-9FF9-3A7F-95F3-4373A96FF271} = {558D05A1-9FF9-3A7F-95F3-4373A96FF271}
		{52E7E249-7670-34AC-B43A-A6ADBAD7D66F} = {52E7E249-7670-34AC-B43A-A6ADBAD7D66F}
		{FB5ECD9B-F017-3353-8438-8DD9B9023F9E} = {FB5ECD9B-F017-3353-8438-8DD9B9023F9E}
		{14596336-87DF-31A8-AEE1-50B4394337F6} = {14596336-87DF-31A8-AEE1-50B4394337F6}
		{938C1DDC-578A-337E-8F96-9D7E14647875} = {938C1DDC-578A-337E-8F96-9D7E14647875}
		{280C6349-7305-339A-B247-78035E8D0FC6} = {280C6349-7305-339A-B247-78035E8D0FC6}
		{F88771A4-FEAD-3E73-BF88-B3C965225815} = {F88771A4-FEAD-3E73-BF88-B3C965225815}
	EndProjectSection
EndProject
Project("{8BC9CEB8-8B4A-11D0-8D11-00A0C91BC942}") = "ArrList", "ArrList\ArrList.vcxproj", "{BE4C17D8-E7D5-30EC-A0E9-2E8E82F962CB}"
	ProjectSection(ProjectDependencies) = postProject
		{AC9D7BB6-EC3D-340C-8F8B-0DCC0BE9AC60} = {AC9D7BB6-EC3D-340C-8F8B-0DCC0BE9AC60}
		{280C6349-7305-339A-B247-78035E8D0FC6} = {280C6349-7305-339A-B247-78035E8D0FC6}
	EndProjectSection
EndProject
Project("{8BC9CEB8-8B4A-11D0-8D11-00A0C91BC942}") = "ArrListLib", "ArrListLib\ArrListLib.vcxproj", "{AC9D7BB6-EC3D-340C-8F8B-0DCC0BE9AC60}"
	ProjectSection(ProjectDependencies) = postProject
		{280C6349-7305-339A-B247-78035E8D0FC6} = {280C6349-7305-339A-B247-78035E8D0FC6}
	EndProjectSection
EndProject
Project("{8BC9CEB8-8B4A-11D0-8D11-00A0C91BC942}") = "ArrListTest", "ArrListTest\ArrListTest.vcxproj", "{094DA5BE-B883-370F-B949-05F762756CA4}"
	ProjectSection(ProjectDependencies) = postProject
		{AC9D7BB6-EC3D-340C-8F8B-0DCC0BE9AC60} = {AC9D7BB6-EC3D-340C-8F8B-0DCC0BE9AC60}
		{280C6349-7305-339A-B247-78035E8D0FC6} = {280C6349-7305-339A-B247-78035E8D0FC6}
		{F88771A4-FEAD-3E73-BF88-B3C965225815} = {F88771A4-FEAD-3E73-BF88-B3C965225815}
	EndProjectSection
EndProject
Project("{8BC9CEB8-8B4A-11D0-8D11-00A0C91BC942}") = "ExceptionLib", "ExceptionLib\ExceptionLib.vcxproj", "{5B9F91BD-C713-391E-A3A0-EA9B3AFC35E1}"
	ProjectSection(ProjectDependencies) = postProject
		{280C6349-7305-339A-B247-78035E8D0FC6} = {280C6349-7305-339A-B247-78035E8D0FC6}
	EndProjectSection
EndProject
Project("{8BC9CEB8-8B4A-11D0-8D11-00A0C91BC942}") = "List", "List\List.vcxproj", "{E22AA17C-7A8E-397E-AB07-298578855206}"
	ProjectSection(ProjectDependencies) = postProject
		{4A89581E-A967-3FDD-86AF-6CF392A516A7} = {4A89581E-A967-3FDD-86AF-6CF392A516A7}
		{280C6349-7305-339A-B247-78035E8D0FC6} = {280C6349-7305-339A-B247-78035E8D0FC6}
	EndProjectSection
EndProject
Project("{8BC9CEB8-8B4A-11D0-8D11-00A0C91BC942}") = "ListLib", "ListLib\ListLib.vcxproj", "{4A89581E-A967-3FDD-86AF-6CF392A516A7}"
	ProjectSection(ProjectDependencies) = postProject
		{280C6349-7305-339A-B247-78035E8D0FC6} = {280C6349-7305-339A-B247-78035E8D0FC6}
	EndProjectSection
EndProject
Project("{8BC9CEB8-8B4A-11D0-8D11-00A0C91BC942}") = "ListTest", "ListTest\ListTest.vcxproj", "{5785351D-9991-3FBA-8B00-4988ACF93CEF}"
	ProjectSection(ProjectDependencies) = postProject
		{4A89581E-A967-3FDD-86AF-6CF392A516A7} = {4A89581E-A967-3FDD-86AF-6CF392A516A7}
		{280C6349-7305-339A-B247-78035E8D0FC6} = {280C6349-7305-339A-B247-78035E8D0FC6}
		{F88771A4-FEAD-3E73-BF88-B3C965225815} = {F88771A4-FEAD-3E73-BF88-B3C965225815}
	EndProjectSection
EndProject
Project("{8BC9CEB8-8B4A-11D0-8D11-00A0C91BC942}") = "MultiStack", "MultiStack\MultiStack.vcxproj", "{D6B45996-55CB-32CA-A8F5-63A869ECAC80}"
	ProjectSection(ProjectDependencies) = postProject
		{05652AC4-806D-3D79-A6A3-C36630E653AB} = {05652AC4-806D-3D79-A6A3-C36630E653AB}
		{280C6349-7305-339A-B247-78035E8D0FC6} = {280C6349-7305-339A-B247-78035E8D0FC6}
	EndProjectSection
EndProject
Project("{8BC9CEB8-8B4A-11D0-8D11-00A0C91BC942}") = "MultiStackLib", "MultiStackLib\MultiStackLib.vcxproj", "{05652AC4-806D-3D79-A6A3-C36630E653AB}"
	ProjectSection(ProjectDependencies) = postProject
		{280C6349-7305-339A-B247-78035E8D0FC6} = {280C6349-7305-339A-B247-78035E8D0FC6}
	EndProjectSection
EndProject
Project("{8BC9CEB8-8B4A-11D0-8D11-00A0C91BC942}") = "MultiStackTest", "MultiStackTest\MultiStackTest.vcxproj", "{8D7285BA-7F11-39A1-A40A-FAF4602EBA92}"
	ProjectSection(ProjectDependencies) = postProject
		{05652AC4-806D-3D79-A6A3-C36630E653AB} = {05652AC4-806D-3D79-A6A3-C36630E653AB}
		{280C6349-7305-339A-B247-78035E8D0FC6} = {280C6349-7305-339A-B247-78035E8D0FC6}
		{F88771A4-FEAD-3E73-BF88-B3C965225815} = {F88771A4-FEAD-3E73-BF88-B3C965225815}
	EndProjectSection
EndProject
Project("{8BC9CEB8-8B4A-11D0-8D11-00A0C91BC942}") = "Polinom", "Polinom\Polinom.vcxproj", "{0BF76515-EF3D-3385-916E-235F4A557B4D}"
	ProjectSection(ProjectDependencies) = postProject
		{CF8EA092-76FB-3466-A400-B1CBA6EE7F25} = {CF8EA092-76FB-3466-A400-B1CBA6EE7F25}
		{280C6349-7305-339A-B247-78035E8D0FC6} = {280C6349-7305-339A-B247-78035E8D0FC6}
	EndProjectSection
EndProject
Project("{8BC9CEB8-8B4A-11D0-8D11-00A0C91BC942}") = "PolinomLib", "PolinomLib\PolinomLib.vcxproj", "{CF8EA092-76FB-3466-A400-B1CBA6EE7F25}"
	ProjectSection(ProjectDependencies) = postProject
		{280C6349-7305-339A-B247-78035E8D0FC6} = {280C6349-7305-339A-B247-78035E8D0FC6}
	EndProjectSection
EndProject
Project("{8BC9CEB8-8B4A-11D0-8D11-00A0C91BC942}") = "PolinomTest", "PolinomTest\PolinomTest.vcxproj", "{C542D56E-40CB-30EF-885B-E08F03A72198}"
	ProjectSection(ProjectDependencies) = postProject
		{CF8EA092-76FB-3466-A400-B1CBA6EE7F25} = {CF8EA092-76FB-3466-A400-B1CBA6EE7F25}
		{280C6349-7305-339A-B247-78035E8D0FC6} = {280C6349-7305-339A-B247-78035E8D0FC6}
		{F88771A4-FEAD-3E73-BF88-B3C965225815} = {F88771A4-FEAD-3E73-BF88-B3C965225815}
	EndProjectSection
EndProject
Project("{8BC9CEB8-8B4A-11D0-8D11-00A0C91BC942}") = "Polish", "Polish\Polish.vcxproj", "{1E9974B9-ED89-382F-8E6D-B6D863FD54D4}"
	ProjectSection(ProjectDependencies) = postProject
		{51C53E05-689B-3269-A65C-AB6CAEAEEE3E} = {51C53E05-689B-3269-A65C-AB6CAEAEEE3E}
		{280C6349-7305-339A-B247-78035E8D0FC6} = {280C6349-7305-339A-B247-78035E8D0FC6}
	EndProjectSection
EndProject
Project("{8BC9CEB8-8B4A-11D0-8D11-00A0C91BC942}") = "PolishLib", "PolishLib\PolishLib.vcxproj", "{51C53E05-689B-3269-A65C-AB6CAEAEEE3E}"
	ProjectSection(ProjectDependencies) = postProject
		{280C6349-7305-339A-B247-78035E8D0FC6} = {280C6349-7305-339A-B247-78035E8D0FC6}
	EndProjectSection
EndProject
Project("{8BC9CEB8-8B4A-11D0-8D11-00A0C91BC942}") = "PolishTest", "PolishTest\PolishTest.vcxproj", "{2368BD4C-1D5A-30B4-82A6-EA1A957ECD4C}"
	ProjectSection(ProjectDependencies) = postProject
		{51C53E05-689B-3269-A65C-AB6CAEAEEE3E} = {51C53E05-689B-3269-A65C-AB6CAEAEEE3E}
		{280C6349-7305-339A-B247-78035E8D0FC6} = {280C6349-7305-339A-B247-78035E8D0FC6}
		{F88771A4-FEAD-3E73-BF88-B3C965225815} = {F88771A4-FEAD-3E73-BF88-B3C965225815}
	EndProjectSection
EndProject
Project("{8BC9CEB8-8B4A-11D0-8D11-00A0C91BC942}") = "Queue", "Queue\Queue.vcxproj", "{2DC1225B-C07B-382B-9B90-EB9F4B32111E}"
	ProjectSection(ProjectDependencies) = postProject
		{985B3D7D-272A-32A6-BC0C-921FB8ECC4D4} = {985B3D7D-272A-32A6-BC0C-921FB8ECC4D4}
		{280C6349-7305-339A-B247-78035E8D0FC6} = {280C6349-7305-339A-B247-78035E8D0FC6}
	EndProjectSection
EndProject
Project("{8BC9CEB8-8B4A-11D0-8D11-00A0C91BC942}") = "QueueLib", "QueueLib\QueueLib.vcxproj", "{985B3D7D-272A-32A6-BC0C-921FB8ECC4D4}"
	ProjectSection(ProjectDependencies) = postProject
		{280C6349-7305-339A-B247-78035E8D0FC6} = {280C6349-7305-339A-B247-78035E8D0FC6}
	EndProjectSection
EndProject
Project("{8BC9CEB8-8B4A-11D0-8D11-00A0C91BC942}") = "QueueTest", "QueueTest\QueueTest.vcxproj", "{59BD44EC-2EBB-3140-8A39-CBB8EEEB5714}"
	ProjectSection(ProjectDependencies) = postProject
		{985B3D7D-272A-32A6-BC0C-921FB8ECC4D4} = {985B3D7D-272A-32A6-BC0C-921FB8ECC4D4}
		{280C6349-7305-339A-B247-78035E8D0FC6} = {280C6349-7305-339A-B247-78035E8D0FC6}
		{F88771A4-FEAD-3E73-BF88-B3C965225815} = {F88771A4-FEAD-3E73-BF88-B3C965225815}
	EndProjectSection
EndProject
Project("{8BC9CEB8-8B4A-11D0-8D11-00A0C91BC942}") = "Stack", "Stack\Stack.vcxproj", "{0BC5C2D0-421B-3550-BA0D-814369BB2767}"
	ProjectSection(ProjectDependencies) = postProject
		{B58F16DB-2677-3101-B8B7-51102B6F8165} = {B58F16DB-2677-3101-B8B7-51102B6F8165}
		{280C6349-7305-339A-B247-78035E8D0FC6} = {280C6349-7305-339A-B247-78035E8D0FC6}
	EndProjectSection
EndProject
Project("{8BC9CEB8-8B4A-11D0-8D11-00A0C91BC942}") = "StackLib", "StackLib\StackLib.vcxproj", "{B58F16DB-2677-3101-B8B7-51102B6F8165}"
	ProjectSection(ProjectDependencies) = postProject
		{280C6349-7305-339A-B247-78035E8D0FC6} = {280C6349-7305-339A-B247-78035E8D0FC6}
	EndProjectSection
EndProject
Project("{8BC9CEB8-8B4A-11D0-8D11-00A0C91BC942}") = "StackList", "StackList\StackList.vcxproj", "{869FC6AE-7098-3C42-AFA7-D524B12AC82F}"
	ProjectSection(ProjectDependencies) = postProject
		{D29DDD66-3558-3493-8115-AC62C741611E} = {D29DDD66-3558-3493-8115-AC62C741611E}
		{280C6349-7305-339A-B247-78035E8D0FC6} = {280C6349-7305-339A-B247-78035E8D0FC6}
	EndProjectSection
EndProject
Project("{8BC9CEB8-8B4A-11D0-8D11-00A0C91BC942}") = "StackListLib", "StackListLib\StackListLib.vcxproj", "{D29DDD66-3558-3493-8115-AC62C741611E}"
	ProjectSection(ProjectDependencies) = postProject
		{280C6349-7305-339A-B247-78035E8D0FC6} = {280C6349-7305-339A-B247-78035E8D0FC6}
	EndProjectSection
EndProject
Project("{8BC9CEB8-8B4A-11D0-8D11-00A0C91BC942}") = "StackListTest", "StackListTest\StackListTest.vcxproj", "{558D05A1-9FF9-3A7F-95F3-4373A96FF271}"
	ProjectSection(ProjectDependencies) = postProject
		{D29DDD66-3558-3493-8115-AC62C741611E} = {D29DDD66-3558-3493-8115-AC62C741611E}
		{280C6349-7305-339A-B247-78035E8D0FC6} = {280C6349-7305-339A-B247-78035E8D0FC6}
		{F88771A4-FEAD-3E73-BF88-B3C965225815} = {F88771A4-FEAD-3E73-BF88-B3C965225815}
	EndProjectSection
EndProject
Project("{8BC9CEB8-8B4A-11D0-8D11-00A0C91BC942}") = "StackTest", "StackTest\StackTest.vcxproj", "{52E7E249-7670-34AC-B43A-A6ADBAD7D66F}"
	ProjectSection(ProjectDependencies) = postProject
		{B58F16DB-2677-3101-B8B7-51102B6F8165} = {B58F16DB-2677-3101-B8B7-51102B6F8165}
		{280C6349-7305-339A-B247-78035E8D0FC6} = {280C6349-7305-339A-B247-78035E8D0FC6}
		{F88771A4-FEAD-3E73-BF88-B3C965225815} = {F88771A4-FEAD-3E73-BF88-B3C965225815}
	EndProjectSection
EndProject
Project("{8BC9CEB8-8B4A-11D0-8D11-00A0C91BC942}") = "Vector", "Vector\Vector.vcxproj", "{FB5ECD9B-F017-3353-8438-8DD9B9023F9E}"
	ProjectSection(ProjectDependencies) = postProject
		{14596336-87DF-31A8-AEE1-50B4394337F6} = {14596336-87DF-31A8-AEE1-50B4394337F6}
		{280C6349-7305-339A-B247-78035E8D0FC6} = {280C6349-7305-339A-B247-78035E8D0FC6}
	EndProjectSection
EndProject
Project("{8BC9CEB8-8B4A-11D0-8D11-00A0C91BC942}") = "VectorLib", "VectorLib\VectorLib.vcxproj", "{14596336-87DF-31A8-AEE1-50B4394337F6}"
	ProjectSection(ProjectDependencies) = postProject
		{280C6349-7305-339A-B247-78035E8D0FC6} = {280C6349-7305-339A-B247-78035E8D0FC6}
	EndProjectSection
EndProject
Project("{8BC9CEB8-8B4A-11D0-8D11-00A0C91BC942}") = "VectorTest", "VectorTest\VectorTest.vcxproj", "{938C1DDC-578A-337E-8F96-9D7E14647875}"
	ProjectSection(ProjectDependencies) = postProject
		{14596336-87DF-31A8-AEE1-50B4394337F6} = {14596336-87DF-31A8-AEE1-50B4394337F6}
		{280C6349-7305-339A-B247-78035E8D0FC6} = {280C6349-7305-339A-B247-78035E8D0FC6}
		{F88771A4-FEAD-3E73-BF88-B3C965225815} = {F88771A4-FEAD-3E73-BF88-B3C965225815}
	EndProjectSection
EndProject
Project("{8BC9CEB8-8B4A-11D0-8D11-00A0C91BC942}") = "ZERO_CHECK", "ZERO_CHECK.vcxproj", "{280C6349-7305-339A-B247-78035E8D0FC6}"
	ProjectSection(ProjectDependencies) = postProject
	EndProjectSection
EndProject
Project("{8BC9CEB8-8B4A-11D0-8D11-00A0C91BC942}") = "gtest", "gtest\gtest.vcxproj", "{F88771A4-FEAD-3E73-BF88-B3C965225815}"
	ProjectSection(ProjectDependencies) = postProject
		{280C6349-7305-339A-B247-78035E8D0FC6} = {280C6349-7305-339A-B247-78035E8D0FC6}
	EndProjectSection
EndProject
Global
	GlobalSection(SolutionConfigurationPlatforms) = preSolution
		Debug|Win32 = Debug|Win32
		Release|Win32 = Release|Win32
	EndGlobalSection
	GlobalSection(ProjectConfigurationPlatforms) = postSolution
		{9BC0472D-AA5A-30E0-94BD-E419EDD4B1C9}.Debug|Win32.ActiveCfg = Debug|Win32
		{9BC0472D-AA5A-30E0-94BD-E419EDD4B1C9}.Release|Win32.ActiveCfg = Release|Win32
		{BE4C17D8-E7D5-30EC-A0E9-2E8E82F962CB}.Debug|Win32.ActiveCfg = Debug|Win32
		{BE4C17D8-E7D5-30EC-A0E9-2E8E82F962CB}.Debug|Win32.Build.0 = Debug|Win32
		{BE4C17D8-E7D5-30EC-A0E9-2E8E82F962CB}.Release|Win32.ActiveCfg = Release|Win32
		{BE4C17D8-E7D5-30EC-A0E9-2E8E82F962CB}.Release|Win32.Build.0 = Release|Win32
		{AC9D7BB6-EC3D-340C-8F8B-0DCC0BE9AC60}.Debug|Win32.ActiveCfg = Debug|Win32
		{AC9D7BB6-EC3D-340C-8F8B-0DCC0BE9AC60}.Debug|Win32.Build.0 = Debug|Win32
		{AC9D7BB6-EC3D-340C-8F8B-0DCC0BE9AC60}.Release|Win32.ActiveCfg = Release|Win32
		{AC9D7BB6-EC3D-340C-8F8B-0DCC0BE9AC60}.Release|Win32.Build.0 = Release|Win32
		{094DA5BE-B883-370F-B949-05F762756CA4}.Debug|Win32.ActiveCfg = Debug|Win32
		{094DA5BE-B883-370F-B949-05F762756CA4}.Debug|Win32.Build.0 = Debug|Win32
		{094DA5BE-B883-370F-B949-05F762756CA4}.Release|Win32.ActiveCfg = Release|Win32
		{094DA5BE-B883-370F-B949-05F762756CA4}.Release|Win32.Build.0 = Release|Win32
		{5B9F91BD-C713-391E-A3A0-EA9B3AFC35E1}.Debug|Win32.ActiveCfg = Debug|Win32
		{5B9F91BD-C713-391E-A3A0-EA9B3AFC35E1}.Debug|Win32.Build.0 = Debug|Win32
		{5B9F91BD-C713-391E-A3A0-EA9B3AFC35E1}.Release|Win32.ActiveCfg = Release|Win32
		{5B9F91BD-C713-391E-A3A0-EA9B3AFC35E1}.Release|Win32.Build.0 = Release|Win32
		{E22AA17C-7A8E-397E-AB07-298578855206}.Debug|Win32.ActiveCfg = Debug|Win32
		{E22AA17C-7A8E-397E-AB07-298578855206}.Debug|Win32.Build.0 = Debug|Win32
		{E22AA17C-7A8E-397E-AB07-298578855206}.Release|Win32.ActiveCfg = Release|Win32
		{E22AA17C-7A8E-397E-AB07-298578855206}.Release|Win32.Build.0 = Release|Win32
		{4A89581E-A967-3FDD-86AF-6CF392A516A7}.Debug|Win32.ActiveCfg = Debug|Win32
		{4A89581E-A967-3FDD-86AF-6CF392A516A7}.Debug|Win32.Build.0 = Debug|Win32
		{4A89581E-A967-3FDD-86AF-6CF392A516A7}.Release|Win32.ActiveCfg = Release|Win32
		{4A89581E-A967-3FDD-86AF-6CF392A516A7}.Release|Win32.Build.0 = Release|Win32
		{5785351D-9991-3FBA-8B00-4988ACF93CEF}.Debug|Win32.ActiveCfg = Debug|Win32
		{5785351D-9991-3FBA-8B00-4988ACF93CEF}.Debug|Win32.Build.0 = Debug|Win32
		{5785351D-9991-3FBA-8B00-4988ACF93CEF}.Release|Win32.ActiveCfg = Release|Win32
		{5785351D-9991-3FBA-8B00-4988ACF93CEF}.Release|Win32.Build.0 = Release|Win32
		{D6B45996-55CB-32CA-A8F5-63A869ECAC80}.Debug|Win32.ActiveCfg = Debug|Win32
		{D6B45996-55CB-32CA-A8F5-63A869ECAC80}.Debug|Win32.Build.0 = Debug|Win32
		{D6B45996-55CB-32CA-A8F5-63A869ECAC80}.Release|Win32.ActiveCfg = Release|Win32
		{D6B45996-55CB-32CA-A8F5-63A869ECAC80}.Release|Win32.Build.0 = Release|Win32
		{05652AC4-806D-3D79-A6A3-C36630E653AB}.Debug|Win32.ActiveCfg = Debug|Win32
		{05652AC4-806D-3D79-A6A3-C36630E653AB}.Debug|Win32.Build.0 = Debug|Win32
		{05652AC4-806D-3D79-A6A3-C36630E653AB}.Release|Win32.ActiveCfg = Release|Win32
		{05652AC4-806D-3D79-A6A3-C36630E653AB}.Release|Win32.Build.0 = Release|Win32
		{8D7285BA-7F11-39A1-A40A-FAF4602EBA92}.Debug|Win32.ActiveCfg = Debug|Win32
		{8D7285BA-7F11-39A1-A40A-FAF4602EBA92}.Debug|Win32.Build.0 = Debug|Win32
		{8D7285BA-7F11-39A1-A40A-FAF4602EBA92}.Release|Win32.ActiveCfg = Release|Win32
		{8D7285BA-7F11-39A1-A40A-FAF4602EBA92}.Release|Win32.Build.0 = Release|Win32
		{0BF76515-EF3D-3385-916E-235F4A557B4D}.Debug|Win32.ActiveCfg = Debug|Win32
		{0BF76515-EF3D-3385-916E-235F4A557B4D}.Debug|Win32.Build.0 = Debug|Win32
		{0BF76515-EF3D-3385-916E-235F4A557B4D}.Release|Win32.ActiveCfg = Release|Win32
		{0BF76515-EF3D-3385-916E-235F4A557B4D}.Release|Win32.Build.0 = Release|Win32
		{CF8EA092-76FB-3466-A400-B1CBA6EE7F25}.Debug|Win32.ActiveCfg = Debug|Win32
		{CF8EA092-76FB-3466-A400-B1CBA6EE7F25}.Debug|Win32.Build.0 = Debug|Win32
		{CF8EA092-76FB-3466-A400-B1CBA6EE7F25}.Release|Win32.ActiveCfg = Release|Win32
		{CF8EA092-76FB-3466-A400-B1CBA6EE7F25}.Release|Win32.Build.0 = Release|Win32
		{C542D56E-40CB-30EF-885B-E08F03A72198}.Debug|Win32.ActiveCfg = Debug|Win32
		{C542D56E-40CB-30EF-885B-E08F03A72198}.Debug|Win32.Build.0 = Debug|Win32
		{C542D56E-40CB-30EF-885B-E08F03A72198}.Release|Win32.ActiveCfg = Release|Win32
		{C542D56E-40CB-30EF-885B-E08F03A72198}.Release|Win32.Build.0 = Release|Win32
		{1E9974B9-ED89-382F-8E6D-B6D863FD54D4}.Debug|Win32.ActiveCfg = Debug|Win32
		{1E9974B9-ED89-382F-8E6D-B6D863FD54D4}.Debug|Win32.Build.0 = Debug|Win32
		{1E9974B9-ED89-382F-8E6D-B6D863FD54D4}.Release|Win32.ActiveCfg = Release|Win32
		{1E9974B9-ED89-382F-8E6D-B6D863FD54D4}.Release|Win32.Build.0 = Release|Win32
		{51C53E05-689B-3269-A65C-AB6CAEAEEE3E}.Debug|Win32.ActiveCfg = Debug|Win32
		{51C53E05-689B-3269-A65C-AB6CAEAEEE3E}.Debug|Win32.Build.0 = Debug|Win32
		{51C53E05-689B-3269-A65C-AB6CAEAEEE3E}.Release|Win32.ActiveCfg = Release|Win32
		{51C53E05-689B-3269-A65C-AB6CAEAEEE3E}.Release|Win32.Build.0 = Release|Win32
		{2368BD4C-1D5A-30B4-82A6-EA1A957ECD4C}.Debug|Win32.ActiveCfg = Debug|Win32
		{2368BD4C-1D5A-30B4-82A6-EA1A957ECD4C}.Debug|Win32.Build.0 = Debug|Win32
		{2368BD4C-1D5A-30B4-82A6-EA1A957ECD4C}.Release|Win32.ActiveCfg = Release|Win32
		{2368BD4C-1D5A-30B4-82A6-EA1A957ECD4C}.Release|Win32.Build.0 = Release|Win32
		{2DC1225B-C07B-382B-9B90-EB9F4B32111E}.Debug|Win32.ActiveCfg = Debug|Win32
		{2DC1225B-C07B-382B-9B90-EB9F4B32111E}.Debug|Win32.Build.0 = Debug|Win32
		{2DC1225B-C07B-382B-9B90-EB9F4B32111E}.Release|Win32.ActiveCfg = Release|Win32
		{2DC1225B-C07B-382B-9B90-EB9F4B32111E}.Release|Win32.Build.0 = Release|Win32
		{985B3D7D-272A-32A6-BC0C-921FB8ECC4D4}.Debug|Win32.ActiveCfg = Debug|Win32
		{985B3D7D-272A-32A6-BC0C-921FB8ECC4D4}.Debug|Win32.Build.0 = Debug|Win32
		{985B3D7D-272A-32A6-BC0C-921FB8ECC4D4}.Release|Win32.ActiveCfg = Release|Win32
		{985B3D7D-272A-32A6-BC0C-921FB8ECC4D4}.Release|Win32.Build.0 = Release|Win32
		{59BD44EC-2EBB-3140-8A39-CBB8EEEB5714}.Debug|Win32.ActiveCfg = Debug|Win32
		{59BD44EC-2EBB-3140-8A39-CBB8EEEB5714}.Debug|Win32.Build.0 = Debug|Win32
		{59BD44EC-2EBB-3140-8A39-CBB8EEEB5714}.Release|Win32.ActiveCfg = Release|Win32
		{59BD44EC-2EBB-3140-8A39-CBB8EEEB5714}.Release|Win32.Build.0 = Release|Win32
		{0BC5C2D0-421B-3550-BA0D-814369BB2767}.Debug|Win32.ActiveCfg = Debug|Win32
		{0BC5C2D0-421B-3550-BA0D-814369BB2767}.Debug|Win32.Build.0 = Debug|Win32
		{0BC5C2D0-421B-3550-BA0D-814369BB2767}.Release|Win32.ActiveCfg = Release|Win32
		{0BC5C2D0-421B-3550-BA0D-814369BB2767}.Release|Win32.Build.0 = Release|Win32
		{B58F16DB-2677-3101-B8B7-51102B6F8165}.Debug|Win32.ActiveCfg = Debug|Win32
		{B58F16DB-2677-3101-B8B7-51102B6F8165}.Debug|Win32.Build.0 = Debug|Win32
		{B58F16DB-2677-3101-B8B7-51102B6F8165}.Release|Win32.ActiveCfg = Release|Win32
		{B58F16DB-2677-3101-B8B7-51102B6F8165}.Release|Win32.Build.0 = Release|Win32
		{869FC6AE-7098-3C42-AFA7-D524B12AC82F}.Debug|Win32.ActiveCfg = Debug|Win32
		{869FC6AE-7098-3C42-AFA7-D524B12AC82F}.Debug|Win32.Build.0 = Debug|Win32
		{869FC6AE-7098-3C42-AFA7-D524B12AC82F}.Release|Win32.ActiveCfg = Release|Win32
		{869FC6AE-7098-3C42-AFA7-D524B12AC82F}.Release|Win32.Build.0 = Release|Win32
		{D29DDD66-3558-3493-8115-AC62C741611E}.Debug|Win32.ActiveCfg = Debug|Win32
		{D29DDD66-3558-3493-8115-AC62C741611E}.Debug|Win32.Build.0 = Debug|Win32
		{D29DDD66-3558-3493-8115-AC62C741611E}.Release|Win32.ActiveCfg = Release|Win32
		{D29DDD66-3558-3493-8115-AC62C741611E}.Release|Win32.Build.0 = Release|Win32
		{558D05A1-9FF9-3A7F-95F3-4373A96FF271}.Debug|Win32.ActiveCfg = Debug|Win32
		{558D05A1-9FF9-3A7F-95F3-4373A96FF271}.Debug|Win32.Build.0 = Debug|Win32
		{558D05A1-9FF9-3A7F-95F3-4373A96FF271}.Release|Win32.ActiveCfg = Release|Win32
		{558D05A1-9FF9-3A7F-95F3-4373A96FF271}.Release|Win32.Build.0 = Release|Win32
		{52E7E249-7670-34AC-B43A-A6ADBAD7D66F}.Debug|Win32.ActiveCfg = Debug|Win32
		{52E7E249-7670-34AC-B43A-A6ADBAD7D66F}.Debug|Win32.Build.0 = Debug|Win32
		{52E7E249-7670-34AC-B43A-A6ADBAD7D66F}.Release|Win32.ActiveCfg = Release|Win32
		{52E7E249-7670-34AC-B43A-A6ADBAD7D66F}.Release|Win32.Build.0 = Release|Win32
		{FB5ECD9B-F017-3353-8438-8DD9B9023F9E}.Debug|Win32.ActiveCfg = Debug|Win32
		{FB5ECD9B-F017-3353-8438-8DD9B9023F9E}.Debug|Win32.Build.0 = Debug|Win32
		{FB5ECD9B-F017-3353-8438-8DD9B9023F9E}.Release|Win32.ActiveCfg = Release|Win32
		{FB5ECD9B-F017-3353-8438-8DD9B9023F9E}.Release|Win32.Build.0 = Release|Win32
		{14596336-87DF-31A8-AEE1-50B4394337F6}.Debug|Win32.ActiveCfg = Debug|Win32
		{14596336-87DF-31A8-AEE1-50B4394337F6}.Debug|Win32.Build.0 = Debug|Win32
		{14596336-87DF-31A8-AEE1-50B4394337F6}.Release|Win32.ActiveCfg = Release|Win32
		{14596336-87DF-31A8-AEE1-50B4394337F6}.Release|Win32.Build.0 = Release|Win32
		{938C1DDC-578A-337E-8F96-9D7E14647875}.Debug|Win32.ActiveCfg = Debug|Win32
		{938C1DDC-578A-337E-8F96-9D7E14647875}.Debug|Win32.Build.0 = Debug|Win32
		{938C1DDC-578A-337E-8F96-9D7E14647875}.Release|Win32.ActiveCfg = Release|Win32
		{938C1DDC-578A-337E-8F96-9D7E14647875}.Release|Win32.Build.0 = Release|Win32
		{280C6349-7305-339A-B247-78035E8D0FC6}.Debug|Win32.ActiveCfg = Debug|Win32
		{280C6349-7305-339A-B247-78035E8D0FC6}.Debug|Win32.Build.0 = Debug|Win32
		{280C6349-7305-339A-B247-78035E8D0FC6}.Release|Win32.ActiveCfg = Release|Win32
		{280C6349-7305-339A-B247-78035E8D0FC6}.Release|Win32.Build.0 = Release|Win32
		{F88771A4-FEAD-3E73-BF88-B3C965225815}.Debug|Win32.ActiveCfg = Debug|Win32
		{F88771A4-FEAD-3E73-BF88-B3C965225815}.Debug|Win32.Build.0 = Debug|Win32
		{F88771A4-FEAD-3E73-BF88-B3C965225815}.Release|Win32.ActiveCfg = Release|Win32
		{F88771A4-FEAD-3E73-BF88-B3C965225815}.Release|Win32.Build.0 = Release|Win32
	EndGlobalSection
	GlobalSection(ExtensibilityGlobals) = postSolution
		SolutionGuid = {94839726-6E60-3440-843C-E29B9EC300F0}
	EndGlobalSection
	GlobalSection(ExtensibilityAddIns) = postSolution
	EndGlobalSection
EndGlobal
