<?xml version="1.0" encoding="utf-8"?>
<Project ToolsVersion="15.0" xmlns="http://schemas.microsoft.com/developer/msbuild/2003">
  <ItemGroup>
    <CustomBuild Include="C:\Users\Admin\Desktop\LABS\All-labs\CMakeFiles\5867af55077d0cd37af2ed605373e703\generate.stamp.rule">
      <Filter>CMake Rules</Filter>
    </CustomBuild>
  </ItemGroup>
  <ItemGroup>
    <Filter Include="CMake Rules">
      <UniqueIdentifier>{1F98543B-5560-32CD-B564-79A6901E88B7}</UniqueIdentifier>
    </Filter>
  </ItemGroup>
</Project>
